// !$*UTF8*$!
{
	archiveVersion = 1;
	classes = {
	};
	objectVersion = 50;
	objects = {

/* Begin PBXBuildFile section */
		3CA0EA1C21F3BD4D00AD4E34 /* testSet.cpp in Sources */ = {isa = PBXBuildFile; fileRef = 3CA0EA1B21F3BD4C00AD4E34 /* testSet.cpp */; };
		3CA0EA1F21F3C34100AD4E34 /* testSSNSet.cpp in Sources */ = {isa = PBXBuildFile; fileRef = 3CA0EA1D21F3C34100AD4E34 /* testSSNSet.cpp */; };
		3CC994C521F03CBD0072050A /* Set.cpp in Sources */ = {isa = PBXBuildFile; fileRef = 3CC994C321F03CBD0072050A /* Set.cpp */; };
		3CC994C821F191670072050A /* SSNSet.cpp in Sources */ = {isa = PBXBuildFile; fileRef = 3CC994C621F191670072050A /* SSNSet.cpp */; };
		3CC994CB21F2A9A70072050A /* newSet.cpp in Sources */ = {isa = PBXBuildFile; fileRef = 3CC994C921F2A9A70072050A /* newSet.cpp */; };
		3CC994CD21F2AFFE0072050A /* testNewSet.cpp in Sources */ = {isa = PBXBuildFile; fileRef = 3CC994CC21F2AFFE0072050A /* testNewSet.cpp */; };
/* End PBXBuildFile section */

/* Begin PBXCopyFilesBuildPhase section */
		3CC994B721F03BA90072050A /* CopyFiles */ = {
			isa = PBXCopyFilesBuildPhase;
			buildActionMask = 2147483647;
			dstPath = /usr/share/man/man1/;
			dstSubfolderSpec = 0;
			files = (
			);
			runOnlyForDeploymentPostprocessing = 1;
		};
/* End PBXCopyFilesBuildPhase section */

/* Begin PBXFileReference section */
		3CA0EA1B21F3BD4C00AD4E34 /* testSet.cpp */ = {isa = PBXFileReference; lastKnownFileType = sourcecode.cpp.cpp; path = testSet.cpp; sourceTree = "<group>"; };
		3CA0EA1D21F3C34100AD4E34 /* testSSNSet.cpp */ = {isa = PBXFileReference; lastKnownFileType = sourcecode.cpp.cpp; path = testSSNSet.cpp; sourceTree = "<group>"; };
		3CC994B921F03BA90072050A /* Homework-1 */ = {isa = PBXFileReference; explicitFileType = "compiled.mach-o.executable"; includeInIndex = 0; path = "Homework-1"; sourceTree = BUILT_PRODUCTS_DIR; };
		3CC994C321F03CBD0072050A /* Set.cpp */ = {isa = PBXFileReference; lastKnownFileType = sourcecode.cpp.cpp; path = Set.cpp; sourceTree = "<group>"; };
		3CC994C421F03CBD0072050A /* Set.h */ = {isa = PBXFileReference; lastKnownFileType = sourcecode.c.h; path = Set.h; sourceTree = "<group>"; };
		3CC994C621F191670072050A /* SSNSet.cpp */ = {isa = PBXFileReference; lastKnownFileType = sourcecode.cpp.cpp; path = SSNSet.cpp; sourceTree = "<group>"; };
		3CC994C721F191670072050A /* SSNSet.h */ = {isa = PBXFileReference; lastKnownFileType = sourcecode.c.h; path = SSNSet.h; sourceTree = "<group>"; };
		3CC994C921F2A9A70072050A /* newSet.cpp */ = {isa = PBXFileReference; lastKnownFileType = sourcecode.cpp.cpp; path = newSet.cpp; sourceTree = "<group>"; };
		3CC994CA21F2A9A70072050A /* newSet.h */ = {isa = PBXFileReference; lastKnownFileType = sourcecode.c.h; path = newSet.h; sourceTree = "<group>"; };
		3CC994CC21F2AFFE0072050A /* testNewSet.cpp */ = {isa = PBXFileReference; lastKnownFileType = sourcecode.cpp.cpp; path = testNewSet.cpp; sourceTree = "<group>"; };
/* End PBXFileReference section */

/* Begin PBXFrameworksBuildPhase section */
		3CC994B621F03BA90072050A /* Frameworks */ = {
			isa = PBXFrameworksBuildPhase;
			buildActionMask = 2147483647;
			files = (
			);
			runOnlyForDeploymentPostprocessing = 0;
		};
/* End PBXFrameworksBuildPhase section */

/* Begin PBXGroup section */
		3CC994B021F03BA90072050A = {
			isa = PBXGroup;
			children = (
				3CC994BB21F03BA90072050A /* Homework-1 */,
				3CC994BA21F03BA90072050A /* Products */,
			);
			sourceTree = "<group>";
		};
		3CC994BA21F03BA90072050A /* Products */ = {
			isa = PBXGroup;
			children = (
				3CC994B921F03BA90072050A /* Homework-1 */,
			);
			name = Products;
			sourceTree = "<group>";
		};
		3CC994BB21F03BA90072050A /* Homework-1 */ = {
			isa = PBXGroup;
			children = (
				3CC994C321F03CBD0072050A /* Set.cpp */,
				3CA0EA1B21F3BD4C00AD4E34 /* testSet.cpp */,
				3CC994C421F03CBD0072050A /* Set.h */,
				3CC994C621F191670072050A /* SSNSet.cpp */,
				3CC994C921F2A9A70072050A /* newSet.cpp */,
				3CC994CA21F2A9A70072050A /* newSet.h */,
				3CA0EA1D21F3C34100AD4E34 /* testSSNSet.cpp */,
				3CC994CC21F2AFFE0072050A /* testNewSet.cpp */,
				3CC994C721F191670072050A /* SSNSet.h */,
			);
			path = "Homework-1";
			sourceTree = "<group>";
		};
/* End PBXGroup section */

/* Begin PBXNativeTarget section */
		3CC994B821F03BA90072050A /* Homework-1 */ = {
			isa = PBXNativeTarget;
			buildConfigurationList = 3CC994C021F03BA90072050A /* Build configuration list for PBXNativeTarget "Homework-1" */;
			buildPhases = (
				3CC994B521F03BA90072050A /* Sources */,
				3CC994B621F03BA90072050A /* Frameworks */,
				3CC994B721F03BA90072050A /* CopyFiles */,
			);
			buildRules = (
			);
			dependencies = (
			);
			name = "Homework-1";
			productName = "Homework-1";
			productReference = 3CC994B921F03BA90072050A /* Homework-1 */;
			productType = "com.apple.product-type.tool";
		};
/* End PBXNativeTarget section */

/* Begin PBXProject section */
		3CC994B121F03BA90072050A /* Project object */ = {
			isa = PBXProject;
			attributes = {
				LastUpgradeCheck = 0940;
				ORGANIZATIONNAME = "Henry Macarthur";
				TargetAttributes = {
					3CC994B821F03BA90072050A = {
						CreatedOnToolsVersion = 9.4.1;
					};
				};
			};
			buildConfigurationList = 3CC994B421F03BA90072050A /* Build configuration list for PBXProject "Homework-1" */;
			compatibilityVersion = "Xcode 9.3";
			developmentRegion = en;
			hasScannedForEncodings = 0;
			knownRegions = (
				en,
			);
			mainGroup = 3CC994B021F03BA90072050A;
			productRefGroup = 3CC994BA21F03BA90072050A /* Products */;
			projectDirPath = "";
			projectRoot = "";
			targets = (
				3CC994B821F03BA90072050A /* Homework-1 */,
			);
		};
/* End PBXProject section */

/* Begin PBXSourcesBuildPhase section */
		3CC994B521F03BA90072050A /* Sources */ = {
			isa = PBXSourcesBuildPhase;
			buildActionMask = 2147483647;
			files = (
				3CA0EA1C21F3BD4D00AD4E34 /* testSet.cpp in Sources */,
				3CA0EA1F21F3C34100AD4E34 /* testSSNSet.cpp in Sources */,
				3CC994C821F191670072050A /* SSNSet.cpp in Sources */,
				3CC994CD21F2AFFE0072050A /* testNewSet.cpp in Sources */,
				3CC994CB21F2A9A70072050A /* newSet.cpp in Sources */,
				3CC994C521F03CBD0072050A /* Set.cpp in Sources */,
			);
			runOnlyForDeploymentPostprocessing = 0;
		};
/* End PBXSourcesBuildPhase section */

/* Begin XCBuildConfiguration section */
		3CC994BE21F03BA90072050A /* Debug */ = {
			isa = XCBuildConfiguration;
			buildSettings = {
				ALWAYS_SEARCH_USER_PATHS = NO;
				CLANG_ANALYZER_NONNULL = YES;
				CLANG_ANALYZER_NUMBER_OBJECT_CONVERSION = YES_AGGRESSIVE;
				CLANG_CXX_LANGUAGE_STANDARD = "gnu++14";
				CLANG_CXX_LIBRARY = "libc++";
				CLANG_ENABLE_MODULES = YES;
				CLANG_ENABLE_OBJC_ARC = YES;
				CLANG_ENABLE_OBJC_WEAK = YES;
				CLANG_WARN_BLOCK_CAPTURE_AUTORELEASING = YES;
				CLANG_WARN_BOOL_CONVERSION = YES;
				CLANG_WARN_COMMA = YES;
				CLANG_WARN_CONSTANT_CONVERSION = YES;
				CLANG_WARN_DEPRECATED_OBJC_IMPLEMENTATIONS = YES;
				CLANG_WARN_DIRECT_OBJC_ISA_USAGE = YES_ERROR;
				CLANG_WARN_DOCUMENTATION_COMMENTS = YES;
				CLANG_WARN_EMPTY_BODY = YES;
				CLANG_WARN_ENUM_CONVERSION = YES;
				CLANG_WARN_INFINITE_RECURSION = YES;
				CLANG_WARN_INT_CONVERSION = YES;
				CLANG_WARN_NON_LITERAL_NULL_CONVERSION = YES;
				CLANG_WARN_OBJC_IMPLICIT_RETAIN_SELF = YES;
				CLANG_WARN_OBJC_LITERAL_CONVERSION = YES;
				CLANG_WARN_OBJC_ROOT_CLASS = YES_ERROR;
				CLANG_WARN_RANGE_LOOP_ANALYSIS = YES;
				CLANG_WARN_STRICT_PROTOTYPES = YES;
				CLANG_WARN_SUSPICIOUS_MOVE = YES;
				CLANG_WARN_UNGUARDED_AVAILABILITY = YES_AGGRESSIVE;
				CLANG_WARN_UNREACHABLE_CODE = YES;
				CLANG_WARN__DUPLICATE_METHOD_MATCH = YES;
				CODE_SIGN_IDENTITY = "-";
				COPY_PHASE_STRIP = NO;
				DEBUG_INFORMATION_FORMAT = dwarf;
				ENABLE_STRICT_OBJC_MSGSEND = YES;
				ENABLE_TESTABILITY = YES;
				GCC_C_LANGUAGE_STANDARD = gnu11;
				GCC_DYNAMIC_NO_PIC = NO;
				GCC_NO_COMMON_BLOCKS = YES;
				GCC_OPTIMIZATION_LEVEL = 0;
				GCC_PREPROCESSOR_DEFINITIONS = (
					"DEBUG=1",
					"$(inherited)",
				);
				GCC_WARN_64_TO_32_BIT_CONVERSION = YES;
				GCC_WARN_ABOUT_RETURN_TYPE = YES_ERROR;
				GCC_WARN_UNDECLARED_SELECTOR = YES;
				GCC_WARN_UNINITIALIZED_AUTOS = YES_AGGRESSIVE;
				GCC_WARN_UNUSED_FUNCTION = YES;
				GCC_WARN_UNUSED_VARIABLE = YES;
				MACOSX_DEPLOYMENT_TARGET = 10.14;
				MTL_ENABLE_DEBUG_INFO = YES;
				ONLY_ACTIVE_ARCH = YES;
				SDKROOT = macosx;
			};
			name = Debug;
		};
		3CC994BF21F03BA90072050A /* Release */ = {
			isa = XCBuildConfiguration;
			buildSettings = {
				ALWAYS_SEARCH_USER_PATHS = NO;
				CLANG_ANALYZER_NONNULL = YES;
				CLANG_ANALYZER_NUMBER_OBJECT_CONVERSION = YES_AGGRESSIVE;
				CLANG_CXX_LANGUAGE_STANDARD = "gnu++14";
				CLANG_CXX_LIBRARY = "libc++";
				CLANG_ENABLE_MODULES = YES;
				CLANG_ENABLE_OBJC_ARC = YES;
				CLANG_ENABLE_OBJC_WEAK = YES;
				CLANG_WARN_BLOCK_CAPTURE_AUTORELEASING = YES;
				CLANG_WARN_BOOL_CONVERSION = YES;
				CLANG_WARN_COMMA = YES;
				CLANG_WARN_CONSTANT_CONVERSION = YES;
				CLANG_WARN_DEPRECATED_OBJC_IMPLEMENTATIONS = YES;
				CLANG_WARN_DIRECT_OBJC_ISA_USAGE = YES_ERROR;
				CLANG_WARN_DOCUMENTATION_COMMENTS = YES;
				CLANG_WARN_EMPTY_BODY = YES;
				CLANG_WARN_ENUM_CONVERSION = YES;
				CLANG_WARN_INFINITE_RECURSION = YES;
				CLANG_WARN_INT_CONVERSION = YES;
				CLANG_WARN_NON_LITERAL_NULL_CONVERSION = YES;
				CLANG_WARN_OBJC_IMPLICIT_RETAIN_SELF = YES;
				CLANG_WARN_OBJC_LITERAL_CONVERSION = YES;
				CLANG_WARN_OBJC_ROOT_CLASS = YES_ERROR;
				CLANG_WARN_RANGE_LOOP_ANALYSIS = YES;
				CLANG_WARN_STRICT_PROTOTYPES = YES;
				CLANG_WARN_SUSPICIOUS_MOVE = YES;
				CLANG_WARN_UNGUARDED_AVAILABILITY = YES_AGGRESSIVE;
				CLANG_WARN_UNREACHABLE_CODE = YES;
				CLANG_WARN__DUPLICATE_METHOD_MATCH = YES;
				CODE_SIGN_IDENTITY = "-";
				COPY_PHASE_STRIP = NO;
				DEBUG_INFORMATION_FORMAT = "dwarf-with-dsym";
				ENABLE_NS_ASSERTIONS = NO;
				ENABLE_STRICT_OBJC_MSGSEND = YES;
				GCC_C_LANGUAGE_STANDARD = gnu11;
				GCC_NO_COMMON_BLOCKS = YES;
				GCC_WARN_64_TO_32_BIT_CONVERSION = YES;
				GCC_WARN_ABOUT_RETURN_TYPE = YES_ERROR;
				GCC_WARN_UNDECLARED_SELECTOR = YES;
				GCC_WARN_UNINITIALIZED_AUTOS = YES_AGGRESSIVE;
				GCC_WARN_UNUSED_FUNCTION = YES;
				GCC_WARN_UNUSED_VARIABLE = YES;
				MACOSX_DEPLOYMENT_TARGET = 10.14;
				MTL_ENABLE_DEBUG_INFO = NO;
				SDKROOT = macosx;
			};
			name = Release;
		};
		3CC994C121F03BA90072050A /* Debug */ = {
			isa = XCBuildConfiguration;
			buildSettings = {
				CODE_SIGN_STYLE = Automatic;
				PRODUCT_NAME = "$(TARGET_NAME)";
			};
			name = Debug;
		};
		3CC994C221F03BA90072050A /* Release */ = {
			isa = XCBuildConfiguration;
			buildSettings = {
				CODE_SIGN_STYLE = Automatic;
				PRODUCT_NAME = "$(TARGET_NAME)";
			};
			name = Release;
		};
/* End XCBuildConfiguration section */

/* Begin XCConfigurationList section */
		3CC994B421F03BA90072050A /* Build configuration list for PBXProject "Homework-1" */ = {
			isa = XCConfigurationList;
			buildConfigurations = (
				3CC994BE21F03BA90072050A /* Debug */,
				3CC994BF21F03BA90072050A /* Release */,
			);
			defaultConfigurationIsVisible = 0;
			defaultConfigurationName = Release;
		};
		3CC994C021F03BA90072050A /* Build configuration list for PBXNativeTarget "Homework-1" */ = {
			isa = XCConfigurationList;
			buildConfigurations = (
				3CC994C121F03BA90072050A /* Debug */,
				3CC994C221F03BA90072050A /* Release */,
			);
			defaultConfigurationIsVisible = 0;
			defaultConfigurationName = Release;
		};
/* End XCConfigurationList section */
	};
	rootObject = 3CC994B121F03BA90072050A /* Project object */;
}
